{
  "name": "pgn-handler",
  "version": "0.0.1",
  "lockfileVersion": 2,
  "requires": true,
  "packages": {
    "": {
      "name": "pgn-handler",
      "version": "0.0.1",
      "license": "ISC",
      "dependencies": {
        "chess": "^0.5.0",
        "lodash": "^4.17.21",
        "ohm-js": "^16.0.0"
      }
    },
    "node_modules/@babel/runtime-corejs3": {
      "version": "7.15.4",
      "resolved": "https://registry.npmjs.org/@babel/runtime-corejs3/-/runtime-corejs3-7.15.4.tgz",
      "integrity": "sha512-lWcAqKeB624/twtTc3w6w/2o9RqJPaNBhPGK6DKLSiwuVWC7WFkypWyNg+CpZoyJH0jVzv1uMtXZ/5/lQOLtCg==",
      "dependencies": {
        "core-js-pure": "^3.16.0",
        "regenerator-runtime": "^0.13.4"
      },
      "engines": {
        "node": ">=6.9.0"
      }
    },
    "node_modules/chess": {
      "version": "0.5.0",
      "resolved": "https://registry.npmjs.org/chess/-/chess-0.5.0.tgz",
      "integrity": "sha512-2TVNlMI9Nf03ZdpJp6sqeHuSD0/eldtARo2cUCNeguOG3ek6MoP8xa2a2YeDi9lEV7lmjvx0tf0L5UVexpuMIA==",
      "dependencies": {
        "@babel/runtime-corejs3": "^7.13.10"
      }
    },
    "node_modules/core-js-pure": {
      "version": "3.18.3",
      "resolved": "https://registry.npmjs.org/core-js-pure/-/core-js-pure-3.18.3.tgz",
      "integrity": "sha512-qfskyO/KjtbYn09bn1IPkuhHl5PlJ6IzJ9s9sraJ1EqcuGyLGKzhSM1cY0zgyL9hx42eulQLZ6WaeK5ycJCkqw==",
      "hasInstallScript": true,
      "funding": {
        "type": "opencollective",
        "url": "https://opencollective.com/core-js"
      }
    },
    "node_modules/lodash": {
      "version": "4.17.21",
      "resolved": "https://registry.npmjs.org/lodash/-/lodash-4.17.21.tgz",
      "integrity": "sha512-v2kDEe57lecTulaDIuNTPy3Ry4gLGJ6Z1O3vE1krgXZNrsQ+LFTGHVxVjcXPs17LhbZVGedAJv8XZ1tvj5FvSg=="
    },
    "node_modules/ohm-js": {
      "version": "16.0.0",
      "resolved": "https://registry.npmjs.org/ohm-js/-/ohm-js-16.0.0.tgz",
      "integrity": "sha512-e0xfOO/OdF3IE+H3VibMlW/wJr5bNJIEa5bnVvoxEjPNTJ6Djjt3seAKHu6CWfByRnJFk5TsiSX3Vz7GWoM0og==",
      "engines": {
        "node": ">=0.12.1"
      }
    },
    "node_modules/regenerator-runtime": {
      "version": "0.13.9",
      "resolved": "https://registry.npmjs.org/regenerator-runtime/-/regenerator-runtime-0.13.9.tgz",
      "integrity": "sha512-p3VT+cOEgxFsRRA9X4lkI1E+k2/CtnKtU4gcxyaCUreilL/vqI6CdZ3wxVUx3UOUg+gnUOQQcRI7BmSI656MYA=="
    }
  },
  "dependencies": {
    "@babel/runtime-corejs3": {
      "version": "7.15.4",
      "resolved": "https://registry.npmjs.org/@babel/runtime-corejs3/-/runtime-corejs3-7.15.4.tgz",
      "integrity": "sha512-lWcAqKeB624/twtTc3w6w/2o9RqJPaNBhPGK6DKLSiwuVWC7WFkypWyNg+CpZoyJH0jVzv1uMtXZ/5/lQOLtCg==",
      "requires": {
        "core-js-pure": "^3.16.0",
        "regenerator-runtime": "^0.13.4"
      }
    },
    "chess": {
      "version": "0.5.0",
      "resolved": "https://registry.npmjs.org/chess/-/chess-0.5.0.tgz",
      "integrity": "sha512-2TVNlMI9Nf03ZdpJp6sqeHuSD0/eldtARo2cUCNeguOG3ek6MoP8xa2a2YeDi9lEV7lmjvx0tf0L5UVexpuMIA==",
      "requires": {
        "@babel/runtime-corejs3": "^7.13.10"
      }
    },
    "core-js-pure": {
      "version": "3.18.3",
      "resolved": "https://registry.npmjs.org/core-js-pure/-/core-js-pure-3.18.3.tgz",
      "integrity": "sha512-qfskyO/KjtbYn09bn1IPkuhHl5PlJ6IzJ9s9sraJ1EqcuGyLGKzhSM1cY0zgyL9hx42eulQLZ6WaeK5ycJCkqw=="
    },
    "lodash": {
      "version": "4.17.21",
      "resolved": "https://registry.npmjs.org/lodash/-/lodash-4.17.21.tgz",
      "integrity": "sha512-v2kDEe57lecTulaDIuNTPy3Ry4gLGJ6Z1O3vE1krgXZNrsQ+LFTGHVxVjcXPs17LhbZVGedAJv8XZ1tvj5FvSg=="
    },
    "ohm-js": {
      "version": "16.0.0",
      "resolved": "https://registry.npmjs.org/ohm-js/-/ohm-js-16.0.0.tgz",
      "integrity": "sha512-e0xfOO/OdF3IE+H3VibMlW/wJr5bNJIEa5bnVvoxEjPNTJ6Djjt3seAKHu6CWfByRnJFk5TsiSX3Vz7GWoM0og=="
    },
    "regenerator-runtime": {
      "version": "0.13.9",
      "resolved": "https://registry.npmjs.org/regenerator-runtime/-/regenerator-runtime-0.13.9.tgz",
      "integrity": "sha512-p3VT+cOEgxFsRRA9X4lkI1E+k2/CtnKtU4gcxyaCUreilL/vqI6CdZ3wxVUx3UOUg+gnUOQQcRI7BmSI656MYA=="
    }
  }
}
